
Microsoft Visual Studio Solution File, Format Version 12.00
# Visual Studio Version 17
VisualStudioVersion = 17.0.31912.275
MinimumVisualStudioVersion = 10.0.40219.1
Project("{2150E333-8FDC-42A3-9474-1A3956D46DE8}") = "01-架构核心", "01-架构核心", "{5318D694-23B9-4FCC-8338-9996A6E2059A}"
EndProject
Project("{2150E333-8FDC-42A3-9474-1A3956D46DE8}") = "02-基础模块", "02-基础模块", "{1230723A-B35C-45C2-9160-7D1DCD1310B0}"
EndProject
Project("{2150E333-8FDC-42A3-9474-1A3956D46DE8}") = "03-应用服务", "03-应用服务", "{318DD697-D142-45CA-A1A4-ACC88131501B}"
EndProject
Project("{2150E333-8FDC-42A3-9474-1A3956D46DE8}") = "00-Common", "00-Common", "{E4872924-2348-4E06-881A-08625ED98E9F}"
EndProject
Project("{2150E333-8FDC-42A3-9474-1A3956D46DE8}") = "01-OAuth", "01-OAuth", "{D31EA979-FC56-43F9-870C-278BC7048E9C}"
EndProject
Project("{2150E333-8FDC-42A3-9474-1A3956D46DE8}") = "02-System", "02-System", "{C617010A-DDB0-4C64-8706-5B9732AEC034}"
EndProject
Project("{2150E333-8FDC-42A3-9474-1A3956D46DE8}") = "03-Message", "03-Message", "{BA08CE0D-99FB-4227-8835-FDC2D4F65915}"
EndProject
Project("{2150E333-8FDC-42A3-9474-1A3956D46DE8}") = "04-TaskScheduler", "04-TaskScheduler", "{41F693E8-E3B6-4446-8616-73D522246578}"
EndProject
Project("{2150E333-8FDC-42A3-9474-1A3956D46DE8}") = "01-WorkFlow-工作流", "01-WorkFlow-工作流", "{E6D88F45-8B86-4FAE-A5CD-57269C413C64}"
EndProject
Project("{2150E333-8FDC-42A3-9474-1A3956D46DE8}") = "02-VisualDev-代码生成", "02-VisualDev-代码生成", "{161853F8-ADB9-4281-B706-E2E23D40D0F1}"
EndProject
Project("{2150E333-8FDC-42A3-9474-1A3956D46DE8}") = "03-VisualData-可视化", "03-VisualData-可视化", "{085B8204-4339-4E13-B75D-1E37E35270B9}"
EndProject
Project("{2150E333-8FDC-42A3-9474-1A3956D46DE8}") = "04-扩展应用", "04-扩展应用", "{A5AB62A9-B65A-4348-BC4A-60EF67FC1B9D}"
	ProjectSection(SolutionItems) = preProject
		modularity\extend\Plugin.Build.targets = modularity\extend\Plugin.Build.targets
	EndProjectSection
EndProject
Project("{2150E333-8FDC-42A3-9474-1A3956D46DE8}") = "04-App-App应用", "04-App-App应用", "{80FA1E47-5DA6-4688-A033-F867B0FA6F22}"
EndProject
Project("{2150E333-8FDC-42A3-9474-1A3956D46DE8}") = "05-Engine-代码生成辅助", "05-Engine-代码生成辅助", "{2E0553A6-9E63-4A7D-ABAC-E6AC11DCF175}"
EndProject
Project("{9A19103F-16F7-4668-BE54-9A1E7A4F7556}") = "QT", "framework\QT\QT.csproj", "{7CC99346-6DAC-4C22-AFF5-F08D8117916C}"
EndProject
Project("{9A19103F-16F7-4668-BE54-9A1E7A4F7556}") = "QT.Extras.Authentication.JwtBearer", "framework\QT.Extras.Authentication.JwtBearer\QT.Extras.Authentication.JwtBearer.csproj", "{49469A2E-C001-4634-80B9-BE590324A5F1}"
EndProject
Project("{9A19103F-16F7-4668-BE54-9A1E7A4F7556}") = "QT.Extras.DatabaseAccessor.SqlSugar", "framework\QT.Extras.DatabaseAccessor.SqlSugar\QT.Extras.DatabaseAccessor.SqlSugar.csproj", "{26B5E816-15F4-403D-9154-F1C4AD6C5649}"
EndProject
Project("{9A19103F-16F7-4668-BE54-9A1E7A4F7556}") = "QT.Extras.EventBus.RabbitMQ", "infrastructure\QT.Extras.EventBus.RabbitMQ\QT.Extras.EventBus.RabbitMQ.csproj", "{8AB35AE7-37DD-4FFC-9F78-7B6FAFCADFA4}"
EndProject
Project("{9A19103F-16F7-4668-BE54-9A1E7A4F7556}") = "QT.Extras.Logging.Serilog", "framework\QT.Extras.Logging.Serilog\QT.Extras.Logging.Serilog.csproj", "{CBF8063F-9889-4B82-82E6-0AEACF5B5E4B}"
EndProject
Project("{9A19103F-16F7-4668-BE54-9A1E7A4F7556}") = "QT.Extras.ObjectMapper.Mapster", "framework\QT.Extras.ObjectMapper.Mapster\QT.Extras.ObjectMapper.Mapster.csproj", "{32EBC9B9-7B03-49DB-AB70-C2CB26250667}"
EndProject
Project("{9A19103F-16F7-4668-BE54-9A1E7A4F7556}") = "QT.Extras.Thirdparty", "infrastructure\QT.Extras.Thirdparty\QT.Extras.Thirdparty.csproj", "{3FA3FAC6-AEC2-4B81-87B3-F9BF4786F0FF}"
EndProject
Project("{9A19103F-16F7-4668-BE54-9A1E7A4F7556}") = "QT.Extras.WebSockets", "infrastructure\QT.Extras.WebSockets\QT.Extras.WebSockets.csproj", "{A27A8ABC-F962-41D4-A4D3-A757032462AD}"
EndProject
Project("{9A19103F-16F7-4668-BE54-9A1E7A4F7556}") = "QT.Common", "modularity\common\QT.Common\QT.Common.csproj", "{AC43C3A4-8BEA-4023-A6C5-B43592BEBC79}"
EndProject
Project("{9A19103F-16F7-4668-BE54-9A1E7A4F7556}") = "QT.Common.Core", "modularity\common\QT.Common.Core\QT.Common.Core.csproj", "{6CFF46A5-6225-4C94-BBA5-88E7CE47631D}"
EndProject
Project("{9A19103F-16F7-4668-BE54-9A1E7A4F7556}") = "QT.OAuth", "modularity\oauth\QT.OAuth\QT.OAuth.csproj", "{BC2963D1-4873-4718-8DC2-91E014307366}"
EndProject
Project("{9A19103F-16F7-4668-BE54-9A1E7A4F7556}") = "QT.Systems", "modularity\system\QT.Systems\QT.Systems.csproj", "{B1E809F5-04ED-4841-8B40-A1499D5598CC}"
EndProject
Project("{9A19103F-16F7-4668-BE54-9A1E7A4F7556}") = "QT.Systems.Entitys", "modularity\system\QT.Systems.Entitys\QT.Systems.Entitys.csproj", "{EA9F5B24-A533-4053-9754-B1DBA54DA106}"
EndProject
Project("{9A19103F-16F7-4668-BE54-9A1E7A4F7556}") = "QT.Systems.Interfaces", "modularity\system\QT.Systems.Interfaces\QT.Systems.Interfaces.csproj", "{78F0E5F5-4C9C-4BF1-986E-0882433A0520}"
EndProject
Project("{9A19103F-16F7-4668-BE54-9A1E7A4F7556}") = "QT.Message", "modularity\message\QT.Message\QT.Message.csproj", "{F8C1C6F8-C643-4851-B046-82BD541F1785}"
EndProject
Project("{9A19103F-16F7-4668-BE54-9A1E7A4F7556}") = "QT.Message.Entitys", "modularity\message\QT.Message.Entitys\QT.Message.Entitys.csproj", "{A7CDCB09-9AA8-49E6-8C3B-EF1C07D4F70C}"
EndProject
Project("{9A19103F-16F7-4668-BE54-9A1E7A4F7556}") = "QT.Message.Interfaces", "modularity\message\QT.Message.Interfaces\QT.Message.Interfaces.csproj", "{7AABBE9D-16D7-410E-95F4-2D6590D1A0E6}"
EndProject
Project("{9A19103F-16F7-4668-BE54-9A1E7A4F7556}") = "QT.TaskScheduler", "modularity\taskschedule\QT.TaskScheduler\QT.TaskScheduler.csproj", "{AF6977EA-D8AC-43FE-AE46-157869CC500C}"
EndProject
Project("{9A19103F-16F7-4668-BE54-9A1E7A4F7556}") = "QT.TaskScheduler.Entitys", "modularity\taskschedule\QT.TaskScheduler.Entitys\QT.TaskScheduler.Entitys.csproj", "{B8BB3A2D-202D-419B-849D-90C5CB2EF654}"
EndProject
Project("{9A19103F-16F7-4668-BE54-9A1E7A4F7556}") = "QT.TaskScheduler.Interfaces", "modularity\taskschedule\QT.TaskScheduler.Interfaces\QT.TaskScheduler.Interfaces.csproj", "{C8EE2894-C460-4977-B3E1-31BF3D3709DE}"
EndProject
Project("{9A19103F-16F7-4668-BE54-9A1E7A4F7556}") = "QT.WorkFlow", "modularity\extend\workflow\QT.WorkFlow\QT.WorkFlow.csproj", "{C7C4FB16-DE9E-4A98-9FB9-8BBF36C706CA}"
EndProject
Project("{9A19103F-16F7-4668-BE54-9A1E7A4F7556}") = "QT.WorkFlow.Entitys", "modularity\extend\workflow\QT.WorkFlow.Entitys\QT.WorkFlow.Entitys.csproj", "{47C3121A-958E-488D-A759-4CE941432A54}"
EndProject
Project("{9A19103F-16F7-4668-BE54-9A1E7A4F7556}") = "QT.WorkFlow.Interfaces", "modularity\extend\workflow\QT.WorkFlow.Interfaces\QT.WorkFlow.Interfaces.csproj", "{4FE33E64-86B2-4703-B261-D730463546D6}"
EndProject
Project("{9A19103F-16F7-4668-BE54-9A1E7A4F7556}") = "QT.VisualDev", "modularity\extend\visualdev\QT.VisualDev\QT.VisualDev.csproj", "{A3E91010-317F-42DC-A9F2-90EF8B91D95F}"
EndProject
Project("{9A19103F-16F7-4668-BE54-9A1E7A4F7556}") = "QT.VisualDev.Entitys", "modularity\extend\visualdev\QT.VisualDev.Entitys\QT.VisualDev.Entitys.csproj", "{0F5A5C20-650E-46FA-91C6-F353F676F83B}"
EndProject
Project("{9A19103F-16F7-4668-BE54-9A1E7A4F7556}") = "QT.VisualDev.Interfaces", "modularity\extend\visualdev\QT.VisualDev.Interfaces\QT.VisualDev.Interfaces.csproj", "{A4ED3D59-C945-448F-98FB-50EF96D40058}"
EndProject
Project("{9A19103F-16F7-4668-BE54-9A1E7A4F7556}") = "QT.VisualData", "modularity\extend\visualdata\QT.VisualData\QT.VisualData.csproj", "{F81AEAD6-18D6-4F52-8A6D-F57E4ED672F1}"
EndProject
Project("{9A19103F-16F7-4668-BE54-9A1E7A4F7556}") = "QT.VisualData.Entitys", "modularity\extend\visualdata\QT.VisualData.Entitys\QT.VisualData.Entitys.csproj", "{39BDD64F-34F5-43E4-B47D-7203EEED99C7}"
EndProject
Project("{9A19103F-16F7-4668-BE54-9A1E7A4F7556}") = "QT.Apps", "modularity\extend\app\QT.Apps\QT.Apps.csproj", "{64EFF022-23D1-448D-B7A9-6F852E561AE1}"
EndProject
Project("{9A19103F-16F7-4668-BE54-9A1E7A4F7556}") = "QT.Apps.Entitys", "modularity\extend\app\QT.Apps.Entitys\QT.Apps.Entitys.csproj", "{969540BA-A5D9-48D2-B0B1-0CCEC9D2F9D4}"
EndProject
Project("{9A19103F-16F7-4668-BE54-9A1E7A4F7556}") = "QT.Apps.Interfaces", "modularity\extend\app\QT.Apps.Interfaces\QT.Apps.Interfaces.csproj", "{D48C3C98-7640-4304-9C5A-EF3AF2C17F60}"
EndProject
Project("{9A19103F-16F7-4668-BE54-9A1E7A4F7556}") = "QT.VisualDev.Engine", "modularity\extend\engine\QT.VisualDev.Engine\QT.VisualDev.Engine.csproj", "{05E28BE8-5A25-4C7E-8162-919190B06BF3}"
EndProject
Project("{9A19103F-16F7-4668-BE54-9A1E7A4F7556}") = "QT.API.Core", "application\QT.API.Core\QT.API.Core.csproj", "{36B1B726-A60A-4F5E-9E87-D715B671DE7D}"
EndProject
Project("{9A19103F-16F7-4668-BE54-9A1E7A4F7556}") = "QT.API.Entry", "application\QT.API.Entry\QT.API.Entry.csproj", "{245FC69B-D272-4B36-AA7C-473693A8648C}"
EndProject
Project("{9A19103F-16F7-4668-BE54-9A1E7A4F7556}") = "QT.Extras.DependencyModel.CodeAnalysis", "framework\QT.Extras.DependencyModel.CodeAnalysis\QT.Extras.DependencyModel.CodeAnalysis.csproj", "{8921392D-A919-4731-9C5F-14743A163533}"
EndProject
Project("{2150E333-8FDC-42A3-9474-1A3956D46DE8}") = "06.AI应用", "06.AI应用", "{02EA681E-C7D8-13C7-8484-4AC65E1B71E8}"
EndProject
Project("{FAE04EC0-301F-11D3-BF4B-00C04F79EFBC}") = "AI.BubbleEnglish", "modularity\extend\ai\AI.BubbleEnglish\AI.BubbleEnglish.csproj", "{56DA2960-76F5-CC1D-1FB0-D0CC8C47CBE6}"
EndProject
Global
	GlobalSection(SolutionConfigurationPlatforms) = preSolution
		Debug|Any CPU = Debug|Any CPU
		Release|Any CPU = Release|Any CPU
	EndGlobalSection
	GlobalSection(ProjectConfigurationPlatforms) = postSolution
		{7CC99346-6DAC-4C22-AFF5-F08D8117916C}.Debug|Any CPU.ActiveCfg = Debug|Any CPU
		{7CC99346-6DAC-4C22-AFF5-F08D8117916C}.Debug|Any CPU.Build.0 = Debug|Any CPU
		{7CC99346-6DAC-4C22-AFF5-F08D8117916C}.Release|Any CPU.ActiveCfg = Release|Any CPU
		{7CC99346-6DAC-4C22-AFF5-F08D8117916C}.Release|Any CPU.Build.0 = Release|Any CPU
		{49469A2E-C001-4634-80B9-BE590324A5F1}.Debug|Any CPU.ActiveCfg = Debug|Any CPU
		{49469A2E-C001-4634-80B9-BE590324A5F1}.Debug|Any CPU.Build.0 = Debug|Any CPU
		{49469A2E-C001-4634-80B9-BE590324A5F1}.Release|Any CPU.ActiveCfg = Release|Any CPU
		{49469A2E-C001-4634-80B9-BE590324A5F1}.Release|Any CPU.Build.0 = Release|Any CPU
		{26B5E816-15F4-403D-9154-F1C4AD6C5649}.Debug|Any CPU.ActiveCfg = Debug|Any CPU
		{26B5E816-15F4-403D-9154-F1C4AD6C5649}.Debug|Any CPU.Build.0 = Debug|Any CPU
		{26B5E816-15F4-403D-9154-F1C4AD6C5649}.Release|Any CPU.ActiveCfg = Release|Any CPU
		{26B5E816-15F4-403D-9154-F1C4AD6C5649}.Release|Any CPU.Build.0 = Release|Any CPU
		{8AB35AE7-37DD-4FFC-9F78-7B6FAFCADFA4}.Debug|Any CPU.ActiveCfg = Debug|Any CPU
		{8AB35AE7-37DD-4FFC-9F78-7B6FAFCADFA4}.Debug|Any CPU.Build.0 = Debug|Any CPU
		{8AB35AE7-37DD-4FFC-9F78-7B6FAFCADFA4}.Release|Any CPU.ActiveCfg = Release|Any CPU
		{8AB35AE7-37DD-4FFC-9F78-7B6FAFCADFA4}.Release|Any CPU.Build.0 = Release|Any CPU
		{CBF8063F-9889-4B82-82E6-0AEACF5B5E4B}.Debug|Any CPU.ActiveCfg = Debug|Any CPU
		{CBF8063F-9889-4B82-82E6-0AEACF5B5E4B}.Debug|Any CPU.Build.0 = Debug|Any CPU
		{CBF8063F-9889-4B82-82E6-0AEACF5B5E4B}.Release|Any CPU.ActiveCfg = Release|Any CPU
		{CBF8063F-9889-4B82-82E6-0AEACF5B5E4B}.Release|Any CPU.Build.0 = Release|Any CPU
		{32EBC9B9-7B03-49DB-AB70-C2CB26250667}.Debug|Any CPU.ActiveCfg = Debug|Any CPU
		{32EBC9B9-7B03-49DB-AB70-C2CB26250667}.Debug|Any CPU.Build.0 = Debug|Any CPU
		{32EBC9B9-7B03-49DB-AB70-C2CB26250667}.Release|Any CPU.ActiveCfg = Release|Any CPU
		{32EBC9B9-7B03-49DB-AB70-C2CB26250667}.Release|Any CPU.Build.0 = Release|Any CPU
		{3FA3FAC6-AEC2-4B81-87B3-F9BF4786F0FF}.Debug|Any CPU.ActiveCfg = Debug|Any CPU
		{3FA3FAC6-AEC2-4B81-87B3-F9BF4786F0FF}.Debug|Any CPU.Build.0 = Debug|Any CPU
		{3FA3FAC6-AEC2-4B81-87B3-F9BF4786F0FF}.Release|Any CPU.ActiveCfg = Release|Any CPU
		{3FA3FAC6-AEC2-4B81-87B3-F9BF4786F0FF}.Release|Any CPU.Build.0 = Release|Any CPU
		{A27A8ABC-F962-41D4-A4D3-A757032462AD}.Debug|Any CPU.ActiveCfg = Debug|Any CPU
		{A27A8ABC-F962-41D4-A4D3-A757032462AD}.Debug|Any CPU.Build.0 = Debug|Any CPU
		{A27A8ABC-F962-41D4-A4D3-A757032462AD}.Release|Any CPU.ActiveCfg = Release|Any CPU
		{A27A8ABC-F962-41D4-A4D3-A757032462AD}.Release|Any CPU.Build.0 = Release|Any CPU
		{AC43C3A4-8BEA-4023-A6C5-B43592BEBC79}.Debug|Any CPU.ActiveCfg = Debug|Any CPU
		{AC43C3A4-8BEA-4023-A6C5-B43592BEBC79}.Debug|Any CPU.Build.0 = Debug|Any CPU
		{AC43C3A4-8BEA-4023-A6C5-B43592BEBC79}.Release|Any CPU.ActiveCfg = Release|Any CPU
		{AC43C3A4-8BEA-4023-A6C5-B43592BEBC79}.Release|Any CPU.Build.0 = Release|Any CPU
		{6CFF46A5-6225-4C94-BBA5-88E7CE47631D}.Debug|Any CPU.ActiveCfg = Debug|Any CPU
		{6CFF46A5-6225-4C94-BBA5-88E7CE47631D}.Debug|Any CPU.Build.0 = Debug|Any CPU
		{6CFF46A5-6225-4C94-BBA5-88E7CE47631D}.Release|Any CPU.ActiveCfg = Release|Any CPU
		{6CFF46A5-6225-4C94-BBA5-88E7CE47631D}.Release|Any CPU.Build.0 = Release|Any CPU
		{BC2963D1-4873-4718-8DC2-91E014307366}.Debug|Any CPU.ActiveCfg = Debug|Any CPU
		{BC2963D1-4873-4718-8DC2-91E014307366}.Debug|Any CPU.Build.0 = Debug|Any CPU
		{BC2963D1-4873-4718-8DC2-91E014307366}.Release|Any CPU.ActiveCfg = Release|Any CPU
		{BC2963D1-4873-4718-8DC2-91E014307366}.Release|Any CPU.Build.0 = Release|Any CPU
		{B1E809F5-04ED-4841-8B40-A1499D5598CC}.Debug|Any CPU.ActiveCfg = Debug|Any CPU
		{B1E809F5-04ED-4841-8B40-A1499D5598CC}.Debug|Any CPU.Build.0 = Debug|Any CPU
		{B1E809F5-04ED-4841-8B40-A1499D5598CC}.Release|Any CPU.ActiveCfg = Release|Any CPU
		{B1E809F5-04ED-4841-8B40-A1499D5598CC}.Release|Any CPU.Build.0 = Release|Any CPU
		{EA9F5B24-A533-4053-9754-B1DBA54DA106}.Debug|Any CPU.ActiveCfg = Debug|Any CPU
		{EA9F5B24-A533-4053-9754-B1DBA54DA106}.Debug|Any CPU.Build.0 = Debug|Any CPU
		{EA9F5B24-A533-4053-9754-B1DBA54DA106}.Release|Any CPU.ActiveCfg = Release|Any CPU
		{EA9F5B24-A533-4053-9754-B1DBA54DA106}.Release|Any CPU.Build.0 = Release|Any CPU
		{78F0E5F5-4C9C-4BF1-986E-0882433A0520}.Debug|Any CPU.ActiveCfg = Debug|Any CPU
		{78F0E5F5-4C9C-4BF1-986E-0882433A0520}.Debug|Any CPU.Build.0 = Debug|Any CPU
		{78F0E5F5-4C9C-4BF1-986E-0882433A0520}.Release|Any CPU.ActiveCfg = Release|Any CPU
		{78F0E5F5-4C9C-4BF1-986E-0882433A0520}.Release|Any CPU.Build.0 = Release|Any CPU
		{F8C1C6F8-C643-4851-B046-82BD541F1785}.Debug|Any CPU.ActiveCfg = Debug|Any CPU
		{F8C1C6F8-C643-4851-B046-82BD541F1785}.Debug|Any CPU.Build.0 = Debug|Any CPU
		{F8C1C6F8-C643-4851-B046-82BD541F1785}.Release|Any CPU.ActiveCfg = Release|Any CPU
		{F8C1C6F8-C643-4851-B046-82BD541F1785}.Release|Any CPU.Build.0 = Release|Any CPU
		{A7CDCB09-9AA8-49E6-8C3B-EF1C07D4F70C}.Debug|Any CPU.ActiveCfg = Debug|Any CPU
		{A7CDCB09-9AA8-49E6-8C3B-EF1C07D4F70C}.Debug|Any CPU.Build.0 = Debug|Any CPU
		{A7CDCB09-9AA8-49E6-8C3B-EF1C07D4F70C}.Release|Any CPU.ActiveCfg = Release|Any CPU
		{A7CDCB09-9AA8-49E6-8C3B-EF1C07D4F70C}.Release|Any CPU.Build.0 = Release|Any CPU
		{7AABBE9D-16D7-410E-95F4-2D6590D1A0E6}.Debug|Any CPU.ActiveCfg = Debug|Any CPU
		{7AABBE9D-16D7-410E-95F4-2D6590D1A0E6}.Debug|Any CPU.Build.0 = Debug|Any CPU
		{7AABBE9D-16D7-410E-95F4-2D6590D1A0E6}.Release|Any CPU.ActiveCfg = Release|Any CPU
		{7AABBE9D-16D7-410E-95F4-2D6590D1A0E6}.Release|Any CPU.Build.0 = Release|Any CPU
		{AF6977EA-D8AC-43FE-AE46-157869CC500C}.Debug|Any CPU.ActiveCfg = Debug|Any CPU
		{AF6977EA-D8AC-43FE-AE46-157869CC500C}.Debug|Any CPU.Build.0 = Debug|Any CPU
		{AF6977EA-D8AC-43FE-AE46-157869CC500C}.Release|Any CPU.ActiveCfg = Release|Any CPU
		{AF6977EA-D8AC-43FE-AE46-157869CC500C}.Release|Any CPU.Build.0 = Release|Any CPU
		{B8BB3A2D-202D-419B-849D-90C5CB2EF654}.Debug|Any CPU.ActiveCfg = Debug|Any CPU
		{B8BB3A2D-202D-419B-849D-90C5CB2EF654}.Debug|Any CPU.Build.0 = Debug|Any CPU
		{B8BB3A2D-202D-419B-849D-90C5CB2EF654}.Release|Any CPU.ActiveCfg = Release|Any CPU
		{B8BB3A2D-202D-419B-849D-90C5CB2EF654}.Release|Any CPU.Build.0 = Release|Any CPU
		{C8EE2894-C460-4977-B3E1-31BF3D3709DE}.Debug|Any CPU.ActiveCfg = Debug|Any CPU
		{C8EE2894-C460-4977-B3E1-31BF3D3709DE}.Debug|Any CPU.Build.0 = Debug|Any CPU
		{C8EE2894-C460-4977-B3E1-31BF3D3709DE}.Release|Any CPU.ActiveCfg = Release|Any CPU
		{C8EE2894-C460-4977-B3E1-31BF3D3709DE}.Release|Any CPU.Build.0 = Release|Any CPU
		{C7C4FB16-DE9E-4A98-9FB9-8BBF36C706CA}.Debug|Any CPU.ActiveCfg = Debug|Any CPU
		{C7C4FB16-DE9E-4A98-9FB9-8BBF36C706CA}.Debug|Any CPU.Build.0 = Debug|Any CPU
		{C7C4FB16-DE9E-4A98-9FB9-8BBF36C706CA}.Release|Any CPU.ActiveCfg = Release|Any CPU
		{C7C4FB16-DE9E-4A98-9FB9-8BBF36C706CA}.Release|Any CPU.Build.0 = Release|Any CPU
		{47C3121A-958E-488D-A759-4CE941432A54}.Debug|Any CPU.ActiveCfg = Debug|Any CPU
		{47C3121A-958E-488D-A759-4CE941432A54}.Debug|Any CPU.Build.0 = Debug|Any CPU
		{47C3121A-958E-488D-A759-4CE941432A54}.Release|Any CPU.ActiveCfg = Release|Any CPU
		{47C3121A-958E-488D-A759-4CE941432A54}.Release|Any CPU.Build.0 = Release|Any CPU
		{4FE33E64-86B2-4703-B261-D730463546D6}.Debug|Any CPU.ActiveCfg = Debug|Any CPU
		{4FE33E64-86B2-4703-B261-D730463546D6}.Debug|Any CPU.Build.0 = Debug|Any CPU
		{4FE33E64-86B2-4703-B261-D730463546D6}.Release|Any CPU.ActiveCfg = Release|Any CPU
		{4FE33E64-86B2-4703-B261-D730463546D6}.Release|Any CPU.Build.0 = Release|Any CPU
		{A3E91010-317F-42DC-A9F2-90EF8B91D95F}.Debug|Any CPU.ActiveCfg = Debug|Any CPU
		{A3E91010-317F-42DC-A9F2-90EF8B91D95F}.Debug|Any CPU.Build.0 = Debug|Any CPU
		{A3E91010-317F-42DC-A9F2-90EF8B91D95F}.Release|Any CPU.ActiveCfg = Release|Any CPU
		{A3E91010-317F-42DC-A9F2-90EF8B91D95F}.Release|Any CPU.Build.0 = Release|Any CPU
		{0F5A5C20-650E-46FA-91C6-F353F676F83B}.Debug|Any CPU.ActiveCfg = Debug|Any CPU
		{0F5A5C20-650E-46FA-91C6-F353F676F83B}.Debug|Any CPU.Build.0 = Debug|Any CPU
		{0F5A5C20-650E-46FA-91C6-F353F676F83B}.Release|Any CPU.ActiveCfg = Release|Any CPU
		{0F5A5C20-650E-46FA-91C6-F353F676F83B}.Release|Any CPU.Build.0 = Release|Any CPU
		{A4ED3D59-C945-448F-98FB-50EF96D40058}.Debug|Any CPU.ActiveCfg = Debug|Any CPU
		{A4ED3D59-C945-448F-98FB-50EF96D40058}.Debug|Any CPU.Build.0 = Debug|Any CPU
		{A4ED3D59-C945-448F-98FB-50EF96D40058}.Release|Any CPU.ActiveCfg = Release|Any CPU
		{A4ED3D59-C945-448F-98FB-50EF96D40058}.Release|Any CPU.Build.0 = Release|Any CPU
		{F81AEAD6-18D6-4F52-8A6D-F57E4ED672F1}.Debug|Any CPU.ActiveCfg = Debug|Any CPU
		{F81AEAD6-18D6-4F52-8A6D-F57E4ED672F1}.Debug|Any CPU.Build.0 = Debug|Any CPU
		{F81AEAD6-18D6-4F52-8A6D-F57E4ED672F1}.Release|Any CPU.ActiveCfg = Release|Any CPU
		{F81AEAD6-18D6-4F52-8A6D-F57E4ED672F1}.Release|Any CPU.Build.0 = Release|Any CPU
		{39BDD64F-34F5-43E4-B47D-7203EEED99C7}.Debug|Any CPU.ActiveCfg = Debug|Any CPU
		{39BDD64F-34F5-43E4-B47D-7203EEED99C7}.Debug|Any CPU.Build.0 = Debug|Any CPU
		{39BDD64F-34F5-43E4-B47D-7203EEED99C7}.Release|Any CPU.ActiveCfg = Release|Any CPU
		{39BDD64F-34F5-43E4-B47D-7203EEED99C7}.Release|Any CPU.Build.0 = Release|Any CPU
		{64EFF022-23D1-448D-B7A9-6F852E561AE1}.Debug|Any CPU.ActiveCfg = Debug|Any CPU
		{64EFF022-23D1-448D-B7A9-6F852E561AE1}.Debug|Any CPU.Build.0 = Debug|Any CPU
		{64EFF022-23D1-448D-B7A9-6F852E561AE1}.Release|Any CPU.ActiveCfg = Release|Any CPU
		{64EFF022-23D1-448D-B7A9-6F852E561AE1}.Release|Any CPU.Build.0 = Release|Any CPU
		{969540BA-A5D9-48D2-B0B1-0CCEC9D2F9D4}.Debug|Any CPU.ActiveCfg = Debug|Any CPU
		{969540BA-A5D9-48D2-B0B1-0CCEC9D2F9D4}.Debug|Any CPU.Build.0 = Debug|Any CPU
		{969540BA-A5D9-48D2-B0B1-0CCEC9D2F9D4}.Release|Any CPU.ActiveCfg = Release|Any CPU
		{969540BA-A5D9-48D2-B0B1-0CCEC9D2F9D4}.Release|Any CPU.Build.0 = Release|Any CPU
		{D48C3C98-7640-4304-9C5A-EF3AF2C17F60}.Debug|Any CPU.ActiveCfg = Debug|Any CPU
		{D48C3C98-7640-4304-9C5A-EF3AF2C17F60}.Debug|Any CPU.Build.0 = Debug|Any CPU
		{D48C3C98-7640-4304-9C5A-EF3AF2C17F60}.Release|Any CPU.ActiveCfg = Release|Any CPU
		{D48C3C98-7640-4304-9C5A-EF3AF2C17F60}.Release|Any CPU.Build.0 = Release|Any CPU
		{05E28BE8-5A25-4C7E-8162-919190B06BF3}.Debug|Any CPU.ActiveCfg = Debug|Any CPU
		{05E28BE8-5A25-4C7E-8162-919190B06BF3}.Debug|Any CPU.Build.0 = Debug|Any CPU
		{05E28BE8-5A25-4C7E-8162-919190B06BF3}.Release|Any CPU.ActiveCfg = Release|Any CPU
		{05E28BE8-5A25-4C7E-8162-919190B06BF3}.Release|Any CPU.Build.0 = Release|Any CPU
		{36B1B726-A60A-4F5E-9E87-D715B671DE7D}.Debug|Any CPU.ActiveCfg = Debug|Any CPU
		{36B1B726-A60A-4F5E-9E87-D715B671DE7D}.Debug|Any CPU.Build.0 = Debug|Any CPU
		{36B1B726-A60A-4F5E-9E87-D715B671DE7D}.Release|Any CPU.ActiveCfg = Release|Any CPU
		{36B1B726-A60A-4F5E-9E87-D715B671DE7D}.Release|Any CPU.Build.0 = Release|Any CPU
		{245FC69B-D272-4B36-AA7C-473693A8648C}.Debug|Any CPU.ActiveCfg = Debug|Any CPU
		{245FC69B-D272-4B36-AA7C-473693A8648C}.Debug|Any CPU.Build.0 = Debug|Any CPU
		{245FC69B-D272-4B36-AA7C-473693A8648C}.Release|Any CPU.ActiveCfg = Release|Any CPU
		{245FC69B-D272-4B36-AA7C-473693A8648C}.Release|Any CPU.Build.0 = Release|Any CPU
		{8921392D-A919-4731-9C5F-14743A163533}.Debug|Any CPU.ActiveCfg = Debug|Any CPU
		{8921392D-A919-4731-9C5F-14743A163533}.Debug|Any CPU.Build.0 = Debug|Any CPU
		{8921392D-A919-4731-9C5F-14743A163533}.Release|Any CPU.ActiveCfg = Release|Any CPU
		{8921392D-A919-4731-9C5F-14743A163533}.Release|Any CPU.Build.0 = Release|Any CPU
		{56DA2960-76F5-CC1D-1FB0-D0CC8C47CBE6}.Debug|Any CPU.ActiveCfg = Debug|Any CPU
		{56DA2960-76F5-CC1D-1FB0-D0CC8C47CBE6}.Debug|Any CPU.Build.0 = Debug|Any CPU
		{56DA2960-76F5-CC1D-1FB0-D0CC8C47CBE6}.Release|Any CPU.ActiveCfg = Release|Any CPU
		{56DA2960-76F5-CC1D-1FB0-D0CC8C47CBE6}.Release|Any CPU.Build.0 = Release|Any CPU
	EndGlobalSection
	GlobalSection(SolutionProperties) = preSolution
		HideSolutionNode = FALSE
	EndGlobalSection
	GlobalSection(NestedProjects) = preSolution
		{E4872924-2348-4E06-881A-08625ED98E9F} = {1230723A-B35C-45C2-9160-7D1DCD1310B0}
		{D31EA979-FC56-43F9-870C-278BC7048E9C} = {1230723A-B35C-45C2-9160-7D1DCD1310B0}
		{C617010A-DDB0-4C64-8706-5B9732AEC034} = {1230723A-B35C-45C2-9160-7D1DCD1310B0}
		{BA08CE0D-99FB-4227-8835-FDC2D4F65915} = {1230723A-B35C-45C2-9160-7D1DCD1310B0}
		{41F693E8-E3B6-4446-8616-73D522246578} = {1230723A-B35C-45C2-9160-7D1DCD1310B0}
		{E6D88F45-8B86-4FAE-A5CD-57269C413C64} = {A5AB62A9-B65A-4348-BC4A-60EF67FC1B9D}
		{161853F8-ADB9-4281-B706-E2E23D40D0F1} = {A5AB62A9-B65A-4348-BC4A-60EF67FC1B9D}
		{085B8204-4339-4E13-B75D-1E37E35270B9} = {A5AB62A9-B65A-4348-BC4A-60EF67FC1B9D}
		{80FA1E47-5DA6-4688-A033-F867B0FA6F22} = {A5AB62A9-B65A-4348-BC4A-60EF67FC1B9D}
		{2E0553A6-9E63-4A7D-ABAC-E6AC11DCF175} = {A5AB62A9-B65A-4348-BC4A-60EF67FC1B9D}
		{7CC99346-6DAC-4C22-AFF5-F08D8117916C} = {5318D694-23B9-4FCC-8338-9996A6E2059A}
		{49469A2E-C001-4634-80B9-BE590324A5F1} = {5318D694-23B9-4FCC-8338-9996A6E2059A}
		{26B5E816-15F4-403D-9154-F1C4AD6C5649} = {5318D694-23B9-4FCC-8338-9996A6E2059A}
		{8AB35AE7-37DD-4FFC-9F78-7B6FAFCADFA4} = {5318D694-23B9-4FCC-8338-9996A6E2059A}
		{CBF8063F-9889-4B82-82E6-0AEACF5B5E4B} = {5318D694-23B9-4FCC-8338-9996A6E2059A}
		{32EBC9B9-7B03-49DB-AB70-C2CB26250667} = {5318D694-23B9-4FCC-8338-9996A6E2059A}
		{3FA3FAC6-AEC2-4B81-87B3-F9BF4786F0FF} = {5318D694-23B9-4FCC-8338-9996A6E2059A}
		{A27A8ABC-F962-41D4-A4D3-A757032462AD} = {5318D694-23B9-4FCC-8338-9996A6E2059A}
		{AC43C3A4-8BEA-4023-A6C5-B43592BEBC79} = {E4872924-2348-4E06-881A-08625ED98E9F}
		{6CFF46A5-6225-4C94-BBA5-88E7CE47631D} = {E4872924-2348-4E06-881A-08625ED98E9F}
		{BC2963D1-4873-4718-8DC2-91E014307366} = {D31EA979-FC56-43F9-870C-278BC7048E9C}
		{B1E809F5-04ED-4841-8B40-A1499D5598CC} = {C617010A-DDB0-4C64-8706-5B9732AEC034}
		{EA9F5B24-A533-4053-9754-B1DBA54DA106} = {C617010A-DDB0-4C64-8706-5B9732AEC034}
		{78F0E5F5-4C9C-4BF1-986E-0882433A0520} = {C617010A-DDB0-4C64-8706-5B9732AEC034}
		{F8C1C6F8-C643-4851-B046-82BD541F1785} = {BA08CE0D-99FB-4227-8835-FDC2D4F65915}
		{A7CDCB09-9AA8-49E6-8C3B-EF1C07D4F70C} = {BA08CE0D-99FB-4227-8835-FDC2D4F65915}
		{7AABBE9D-16D7-410E-95F4-2D6590D1A0E6} = {BA08CE0D-99FB-4227-8835-FDC2D4F65915}
		{AF6977EA-D8AC-43FE-AE46-157869CC500C} = {41F693E8-E3B6-4446-8616-73D522246578}
		{B8BB3A2D-202D-419B-849D-90C5CB2EF654} = {41F693E8-E3B6-4446-8616-73D522246578}
		{C8EE2894-C460-4977-B3E1-31BF3D3709DE} = {41F693E8-E3B6-4446-8616-73D522246578}
		{C7C4FB16-DE9E-4A98-9FB9-8BBF36C706CA} = {E6D88F45-8B86-4FAE-A5CD-57269C413C64}
		{47C3121A-958E-488D-A759-4CE941432A54} = {E6D88F45-8B86-4FAE-A5CD-57269C413C64}
		{4FE33E64-86B2-4703-B261-D730463546D6} = {E6D88F45-8B86-4FAE-A5CD-57269C413C64}
		{A3E91010-317F-42DC-A9F2-90EF8B91D95F} = {161853F8-ADB9-4281-B706-E2E23D40D0F1}
		{0F5A5C20-650E-46FA-91C6-F353F676F83B} = {161853F8-ADB9-4281-B706-E2E23D40D0F1}
		{A4ED3D59-C945-448F-98FB-50EF96D40058} = {161853F8-ADB9-4281-B706-E2E23D40D0F1}
		{F81AEAD6-18D6-4F52-8A6D-F57E4ED672F1} = {085B8204-4339-4E13-B75D-1E37E35270B9}
		{39BDD64F-34F5-43E4-B47D-7203EEED99C7} = {085B8204-4339-4E13-B75D-1E37E35270B9}
		{64EFF022-23D1-448D-B7A9-6F852E561AE1} = {80FA1E47-5DA6-4688-A033-F867B0FA6F22}
		{969540BA-A5D9-48D2-B0B1-0CCEC9D2F9D4} = {80FA1E47-5DA6-4688-A033-F867B0FA6F22}
		{D48C3C98-7640-4304-9C5A-EF3AF2C17F60} = {80FA1E47-5DA6-4688-A033-F867B0FA6F22}
		{05E28BE8-5A25-4C7E-8162-919190B06BF3} = {2E0553A6-9E63-4A7D-ABAC-E6AC11DCF175}
		{36B1B726-A60A-4F5E-9E87-D715B671DE7D} = {318DD697-D142-45CA-A1A4-ACC88131501B}
		{245FC69B-D272-4B36-AA7C-473693A8648C} = {318DD697-D142-45CA-A1A4-ACC88131501B}
		{8921392D-A919-4731-9C5F-14743A163533} = {5318D694-23B9-4FCC-8338-9996A6E2059A}
		{02EA681E-C7D8-13C7-8484-4AC65E1B71E8} = {A5AB62A9-B65A-4348-BC4A-60EF67FC1B9D}
		{56DA2960-76F5-CC1D-1FB0-D0CC8C47CBE6} = {02EA681E-C7D8-13C7-8484-4AC65E1B71E8}
	EndGlobalSection
	GlobalSection(ExtensibilityGlobals) = postSolution
		SolutionGuid = {646DDD1C-F143-42C2-894F-F5C7B3A0CE74}
	EndGlobalSection
EndGlobal
